
Microsoft Visual Studio Solution File, Format Version 12.00
# Visual Studio Version 17
VisualStudioVersion = 17.5.002.0
MinimumVisualStudioVersion = 10.0.40219.1
Project("{2150E333-8FDC-42A3-9474-1A3956D46DE8}") = "Finished", "Finished", "{D16E641A-C037-4A07-9207-E342940580C7}"
EndProject
Project("{2150E333-8FDC-42A3-9474-1A3956D46DE8}") = "Files", "Files", "{E2F1B70F-E41C-4F20-95BA-BA107A752AAA}"
EndProject
Project("{9A19103F-16F7-4668-BE54-9A1E7A4F7556}") = "Challenge", "Finished\Files\Challenge\Challenge.csproj", "{8DCB086A-E5F1-4C3B-A966-5D286C5FEEE4}"
EndProject
Project("{9A19103F-16F7-4668-BE54-9A1E7A4F7556}") = "CreateFiles", "Finished\Files\CreateFiles\CreateFiles.csproj", "{77324F4E-ADFA-437B-AFA0-D487D4D6CAEC}"
EndProject
Project("{9A19103F-16F7-4668-BE54-9A1E7A4F7556}") = "Directories", "Finished\Files\Directories\Directories.csproj", "{4AAFEFBF-89DC-4C5B-8A87-3FF599E1F6E3}"
EndProject
Project("{9A19103F-16F7-4668-BE54-9A1E7A4F7556}") = "FileInfo", "Finished\Files\FileInfo\FileInfo.csproj", "{0F61CFBF-4D02-4518-8BD6-F9852E321CE1}"
EndProject
Project("{9A19103F-16F7-4668-BE54-9A1E7A4F7556}") = "ReadWriteFiles", "Finished\Files\ReadWriteFiles\ReadWriteFiles.csproj", "{C1499AF0-B236-41B6-BF5B-7F47443B396B}"
EndProject
Project("{2150E333-8FDC-42A3-9474-1A3956D46DE8}") = "NumbersDates", "NumbersDates", "{41DEA198-6507-47C7-AB69-BC743D077D40}"
EndProject
Project("{9A19103F-16F7-4668-BE54-9A1E7A4F7556}") = "Challenge", "Finished\NumbersDates\Challenge\Challenge.csproj", "{06468077-43C5-47BF-B0D4-B628D10BE4ED}"
EndProject
Project("{9A19103F-16F7-4668-BE54-9A1E7A4F7556}") = "DateTimeClass", "Finished\NumbersDates\DateTimeClass\DateTimeClass.csproj", "{8694CE25-6F7C-4194-AF67-CDCCA287BD00}"
EndProject
Project("{9A19103F-16F7-4668-BE54-9A1E7A4F7556}") = "FormatDates", "Finished\NumbersDates\FormatDates\FormatDates.csproj", "{33D0A521-9A93-4977-9C81-73FFB01A6D12}"
EndProject
Project("{9A19103F-16F7-4668-BE54-9A1E7A4F7556}") = "FormatNumbers", "Finished\NumbersDates\FormatNumbers\FormatNumbers.csproj", "{E352AD68-0650-4B78-A632-137F43C3712F}"
EndProject
Project("{9A19103F-16F7-4668-BE54-9A1E7A4F7556}") = "ParseDates", "Finished\NumbersDates\ParseDates\ParseDates.csproj", "{325C476A-770D-4AF4-81AF-D8B477564999}"
EndProject
Project("{9A19103F-16F7-4668-BE54-9A1E7A4F7556}") = "ParseNumbers", "Finished\NumbersDates\ParseNumbers\ParseNumbers.csproj", "{89677243-1061-4AA6-B7C4-F715EB2AC529}"
EndProject
Project("{2150E333-8FDC-42A3-9474-1A3956D46DE8}") = "Overview", "Overview", "{B5CE501C-BF1E-4134-BF36-BB7A56D37C72}"
EndProject
Project("{9A19103F-16F7-4668-BE54-9A1E7A4F7556}") = "DataTypes", "Finished\Overview\DataTypes\DataTypes.csproj", "{0863F082-43DF-4057-91BB-BDDCFC94A050}"
EndProject
Project("{9A19103F-16F7-4668-BE54-9A1E7A4F7556}") = "GarbageCollect", "Finished\Overview\GarbageCollect\GarbageCollect.csproj", "{AC7B3C8C-5146-431D-8F8D-1EDE926D57CB}"
EndProject
Project("{9A19103F-16F7-4668-BE54-9A1E7A4F7556}") = "MyConsoleApp", "Finished\Overview\MyConsoleApp\MyConsoleApp.csproj", "{BCA9527A-29F6-47AE-9D15-E119B40828BA}"
EndProject
Project("{2150E333-8FDC-42A3-9474-1A3956D46DE8}") = "Regex", "Regex", "{E29FA6D7-DBB9-4DCB-8308-19A9B3E8FE07}"
EndProject
Project("{9A19103F-16F7-4668-BE54-9A1E7A4F7556}") = "Challenge", "Finished\Regex\Challenge\Challenge.csproj", "{71C60811-A9B0-4AB0-8623-3487E5315986}"
EndProject
Project("{9A19103F-16F7-4668-BE54-9A1E7A4F7556}") = "Finding", "Finished\Regex\Finding\Finding.csproj", "{8AF74D38-2CAC-4FEB-8538-9E0462F22A9E}"
EndProject
Project("{9A19103F-16F7-4668-BE54-9A1E7A4F7556}") = "Replacing", "Finished\Regex\Replacing\Replacing.csproj", "{28558CDF-396B-4D2B-AC19-8C44CBF62AA4}"
EndProject
Project("{9A19103F-16F7-4668-BE54-9A1E7A4F7556}") = "RegexTimeouts", "Finished\Regex\Timeouts\RegexTimeouts.csproj", "{AE847B10-B658-46E1-B58D-F314AB8A3A56}"
EndProject
Project("{2150E333-8FDC-42A3-9474-1A3956D46DE8}") = "Strings", "Strings", "{77A07A25-0088-4DA1-93AF-29BE1B2531DC}"
EndProject
Project("{9A19103F-16F7-4668-BE54-9A1E7A4F7556}") = "Formatting", "Finished\Strings\Formatting\Formatting.csproj", "{6F4883CE-23B1-4770-97EB-5ED39E2E3B76}"
EndProject
Project("{9A19103F-16F7-4668-BE54-9A1E7A4F7556}") = "Interpolation", "Finished\Strings\Interpolation\Interpolation.csproj", "{34DD5FF7-EA91-4274-9484-23794E1FF64A}"
EndProject
Project("{9A19103F-16F7-4668-BE54-9A1E7A4F7556}") = "Manipulation", "Finished\Strings\Manipulation\Manipulation.csproj", "{C0DCA800-C693-4E0C-9EFF-F01108D974F2}"
EndProject
Project("{9A19103F-16F7-4668-BE54-9A1E7A4F7556}") = "Searching", "Finished\Strings\Searching\Searching.csproj", "{374208F3-0FC2-4911-816D-162E13E063FD}"
EndProject
Project("{2150E333-8FDC-42A3-9474-1A3956D46DE8}") = "Start", "Start", "{14D73946-B136-40A7-8FEA-E5C5D021E4CE}"
EndProject
Project("{2150E333-8FDC-42A3-9474-1A3956D46DE8}") = "Files", "Files", "{EA9BC161-E837-4AB2-9F54-EF5F9F494C64}"
EndProject
Project("{9A19103F-16F7-4668-BE54-9A1E7A4F7556}") = "CreateFiles", "Start\Files\CreateFiles\CreateFiles.csproj", "{261A50CF-4620-4183-9674-9C0CCA7D82D2}"
EndProject
Project("{9A19103F-16F7-4668-BE54-9A1E7A4F7556}") = "Directories", "Start\Files\Directories\Directories.csproj", "{2D912F1B-B5CE-4FD2-996C-42411C99404A}"
EndProject
Project("{9A19103F-16F7-4668-BE54-9A1E7A4F7556}") = "FileInfo", "Start\Files\FileInfo\FileInfo.csproj", "{DF963432-4113-414F-AACE-0F93B5569DD4}"
EndProject
Project("{9A19103F-16F7-4668-BE54-9A1E7A4F7556}") = "ReadWriteFiles", "Start\Files\ReadWriteFiles\ReadWriteFiles.csproj", "{590EAA41-1BA9-4498-8C7A-647B166D739A}"
EndProject
Project("{2150E333-8FDC-42A3-9474-1A3956D46DE8}") = "NumbersDates", "NumbersDates", "{AB1F825C-7A75-4BF5-8902-8B893B232760}"
EndProject
Project("{9A19103F-16F7-4668-BE54-9A1E7A4F7556}") = "DateTimeClass", "Start\NumbersDates\DateTimeClass\DateTimeClass.csproj", "{020F6603-5535-4B14-9201-987AC8BFF40B}"
EndProject
Project("{9A19103F-16F7-4668-BE54-9A1E7A4F7556}") = "FormatDates", "Start\NumbersDates\FormatDates\FormatDates.csproj", "{FD716F41-52EF-47E4-BE9B-D2F2D24C18FD}"
EndProject
Project("{9A19103F-16F7-4668-BE54-9A1E7A4F7556}") = "FormatNumbers", "Start\NumbersDates\FormatNumbers\FormatNumbers.csproj", "{759A375E-5339-4F45-A63D-DB905F476FE0}"
EndProject
Project("{9A19103F-16F7-4668-BE54-9A1E7A4F7556}") = "ParseDates", "Start\NumbersDates\ParseDates\ParseDates.csproj", "{D99B28DA-6880-4324-B4DC-C5E7799566CE}"
EndProject
Project("{9A19103F-16F7-4668-BE54-9A1E7A4F7556}") = "ParseNumbers", "Start\NumbersDates\ParseNumbers\ParseNumbers.csproj", "{7D6B4281-162C-4E0B-A834-BB7BD9272F0B}"
EndProject
Project("{2150E333-8FDC-42A3-9474-1A3956D46DE8}") = "Overview", "Overview", "{A32E628E-0C81-4B1F-885F-AC13D9FB3469}"
EndProject
Project("{9A19103F-16F7-4668-BE54-9A1E7A4F7556}") = "DataTypes", "Start\Overview\DataTypes\DataTypes.csproj", "{FEBDA955-AB47-4851-8AAD-6CBEF3B54D99}"
EndProject
Project("{9A19103F-16F7-4668-BE54-9A1E7A4F7556}") = "GarbageCollect", "Start\Overview\GarbageCollect\GarbageCollect.csproj", "{5A411A13-6C28-4D09-B397-8D4DDB41EDCF}"
EndProject
Project("{9A19103F-16F7-4668-BE54-9A1E7A4F7556}") = "MyConsoleApp", "Start\Overview\MyConsoleApp\MyConsoleApp.csproj", "{22155909-898D-45CA-A6C8-C73D611B4489}"
EndProject
Project("{2150E333-8FDC-42A3-9474-1A3956D46DE8}") = "Regex", "Regex", "{B10049F8-F2B9-4968-AB53-D519EDA7DED9}"
EndProject
Project("{9A19103F-16F7-4668-BE54-9A1E7A4F7556}") = "Finding", "Start\Regex\Finding\Finding.csproj", "{731D4F8D-35BD-4A98-B219-C248993E7FF8}"
EndProject
Project("{9A19103F-16F7-4668-BE54-9A1E7A4F7556}") = "Replacing", "Start\Regex\Replacing\Replacing.csproj", "{3D967701-A461-4F59-9B5E-4BBE624E91A1}"
EndProject
Project("{9A19103F-16F7-4668-BE54-9A1E7A4F7556}") = "RegexTimeouts", "Start\Regex\Timeouts\RegexTimeouts.csproj", "{C7138FF8-8873-4962-90A8-0505E0BE3BA9}"
EndProject
Project("{2150E333-8FDC-42A3-9474-1A3956D46DE8}") = "Strings", "Strings", "{A9551B4D-7446-4813-8460-DD455A70B25A}"
EndProject
Project("{9A19103F-16F7-4668-BE54-9A1E7A4F7556}") = "Formatting", "Start\Strings\Formatting\Formatting.csproj", "{5B98A416-6A8B-4109-B2F0-2B745F8642E6}"
EndProject
Project("{9A19103F-16F7-4668-BE54-9A1E7A4F7556}") = "Interpolation", "Start\Strings\Interpolation\Interpolation.csproj", "{30887790-0FA6-4CFE-AFA3-0D33BF390046}"
EndProject
Project("{9A19103F-16F7-4668-BE54-9A1E7A4F7556}") = "Manipulation", "Start\Strings\Manipulation\Manipulation.csproj", "{58955AF9-696D-4119-9389-DFE9CE83E493}"
EndProject
Project("{9A19103F-16F7-4668-BE54-9A1E7A4F7556}") = "Searching", "Start\Strings\Searching\Searching.csproj", "{96F15F18-125C-4FB7-BF8D-8CA7AF8C8C87}"
EndProject
Global
	GlobalSection(SolutionConfigurationPlatforms) = preSolution
		Debug|Any CPU = Debug|Any CPU
		Release|Any CPU = Release|Any CPU
	EndGlobalSection
	GlobalSection(ProjectConfigurationPlatforms) = postSolution
		{8DCB086A-E5F1-4C3B-A966-5D286C5FEEE4}.Debug|Any CPU.ActiveCfg = Debug|Any CPU
		{8DCB086A-E5F1-4C3B-A966-5D286C5FEEE4}.Debug|Any CPU.Build.0 = Debug|Any CPU
		{8DCB086A-E5F1-4C3B-A966-5D286C5FEEE4}.Release|Any CPU.ActiveCfg = Release|Any CPU
		{8DCB086A-E5F1-4C3B-A966-5D286C5FEEE4}.Release|Any CPU.Build.0 = Release|Any CPU
		{77324F4E-ADFA-437B-AFA0-D487D4D6CAEC}.Debug|Any CPU.ActiveCfg = Debug|Any CPU
		{77324F4E-ADFA-437B-AFA0-D487D4D6CAEC}.Debug|Any CPU.Build.0 = Debug|Any CPU
		{77324F4E-ADFA-437B-AFA0-D487D4D6CAEC}.Release|Any CPU.ActiveCfg = Release|Any CPU
		{77324F4E-ADFA-437B-AFA0-D487D4D6CAEC}.Release|Any CPU.Build.0 = Release|Any CPU
		{4AAFEFBF-89DC-4C5B-8A87-3FF599E1F6E3}.Debug|Any CPU.ActiveCfg = Debug|Any CPU
		{4AAFEFBF-89DC-4C5B-8A87-3FF599E1F6E3}.Debug|Any CPU.Build.0 = Debug|Any CPU
		{4AAFEFBF-89DC-4C5B-8A87-3FF599E1F6E3}.Release|Any CPU.ActiveCfg = Release|Any CPU
		{4AAFEFBF-89DC-4C5B-8A87-3FF599E1F6E3}.Release|Any CPU.Build.0 = Release|Any CPU
		{0F61CFBF-4D02-4518-8BD6-F9852E321CE1}.Debug|Any CPU.ActiveCfg = Debug|Any CPU
		{0F61CFBF-4D02-4518-8BD6-F9852E321CE1}.Debug|Any CPU.Build.0 = Debug|Any CPU
		{0F61CFBF-4D02-4518-8BD6-F9852E321CE1}.Release|Any CPU.ActiveCfg = Release|Any CPU
		{0F61CFBF-4D02-4518-8BD6-F9852E321CE1}.Release|Any CPU.Build.0 = Release|Any CPU
		{C1499AF0-B236-41B6-BF5B-7F47443B396B}.Debug|Any CPU.ActiveCfg = Debug|Any CPU
		{C1499AF0-B236-41B6-BF5B-7F47443B396B}.Debug|Any CPU.Build.0 = Debug|Any CPU
		{C1499AF0-B236-41B6-BF5B-7F47443B396B}.Release|Any CPU.ActiveCfg = Release|Any CPU
		{C1499AF0-B236-41B6-BF5B-7F47443B396B}.Release|Any CPU.Build.0 = Release|Any CPU
		{06468077-43C5-47BF-B0D4-B628D10BE4ED}.Debug|Any CPU.ActiveCfg = Debug|Any CPU
		{06468077-43C5-47BF-B0D4-B628D10BE4ED}.Debug|Any CPU.Build.0 = Debug|Any CPU
		{06468077-43C5-47BF-B0D4-B628D10BE4ED}.Release|Any CPU.ActiveCfg = Release|Any CPU
		{06468077-43C5-47BF-B0D4-B628D10BE4ED}.Release|Any CPU.Build.0 = Release|Any CPU
		{8694CE25-6F7C-4194-AF67-CDCCA287BD00}.Debug|Any CPU.ActiveCfg = Debug|Any CPU
		{8694CE25-6F7C-4194-AF67-CDCCA287BD00}.Debug|Any CPU.Build.0 = Debug|Any CPU
		{8694CE25-6F7C-4194-AF67-CDCCA287BD00}.Release|Any CPU.ActiveCfg = Release|Any CPU
		{8694CE25-6F7C-4194-AF67-CDCCA287BD00}.Release|Any CPU.Build.0 = Release|Any CPU
		{33D0A521-9A93-4977-9C81-73FFB01A6D12}.Debug|Any CPU.ActiveCfg = Debug|Any CPU
		{33D0A521-9A93-4977-9C81-73FFB01A6D12}.Debug|Any CPU.Build.0 = Debug|Any CPU
		{33D0A521-9A93-4977-9C81-73FFB01A6D12}.Release|Any CPU.ActiveCfg = Release|Any CPU
		{33D0A521-9A93-4977-9C81-73FFB01A6D12}.Release|Any CPU.Build.0 = Release|Any CPU
		{E352AD68-0650-4B78-A632-137F43C3712F}.Debug|Any CPU.ActiveCfg = Debug|Any CPU
		{E352AD68-0650-4B78-A632-137F43C3712F}.Debug|Any CPU.Build.0 = Debug|Any CPU
		{E352AD68-0650-4B78-A632-137F43C3712F}.Release|Any CPU.ActiveCfg = Release|Any CPU
		{E352AD68-0650-4B78-A632-137F43C3712F}.Release|Any CPU.Build.0 = Release|Any CPU
		{325C476A-770D-4AF4-81AF-D8B477564999}.Debug|Any CPU.ActiveCfg = Debug|Any CPU
		{325C476A-770D-4AF4-81AF-D8B477564999}.Debug|Any CPU.Build.0 = Debug|Any CPU
		{325C476A-770D-4AF4-81AF-D8B477564999}.Release|Any CPU.ActiveCfg = Release|Any CPU
		{325C476A-770D-4AF4-81AF-D8B477564999}.Release|Any CPU.Build.0 = Release|Any CPU
		{89677243-1061-4AA6-B7C4-F715EB2AC529}.Debug|Any CPU.ActiveCfg = Debug|Any CPU
		{89677243-1061-4AA6-B7C4-F715EB2AC529}.Debug|Any CPU.Build.0 = Debug|Any CPU
		{89677243-1061-4AA6-B7C4-F715EB2AC529}.Release|Any CPU.ActiveCfg = Release|Any CPU
		{89677243-1061-4AA6-B7C4-F715EB2AC529}.Release|Any CPU.Build.0 = Release|Any CPU
		{0863F082-43DF-4057-91BB-BDDCFC94A050}.Debug|Any CPU.ActiveCfg = Debug|Any CPU
		{0863F082-43DF-4057-91BB-BDDCFC94A050}.Debug|Any CPU.Build.0 = Debug|Any CPU
		{0863F082-43DF-4057-91BB-BDDCFC94A050}.Release|Any CPU.ActiveCfg = Release|Any CPU
		{0863F082-43DF-4057-91BB-BDDCFC94A050}.Release|Any CPU.Build.0 = Release|Any CPU
		{AC7B3C8C-5146-431D-8F8D-1EDE926D57CB}.Debug|Any CPU.ActiveCfg = Debug|Any CPU
		{AC7B3C8C-5146-431D-8F8D-1EDE926D57CB}.Debug|Any CPU.Build.0 = Debug|Any CPU
		{AC7B3C8C-5146-431D-8F8D-1EDE926D57CB}.Release|Any CPU.ActiveCfg = Release|Any CPU
		{AC7B3C8C-5146-431D-8F8D-1EDE926D57CB}.Release|Any CPU.Build.0 = Release|Any CPU
		{BCA9527A-29F6-47AE-9D15-E119B40828BA}.Debug|Any CPU.ActiveCfg = Debug|Any CPU
		{BCA9527A-29F6-47AE-9D15-E119B40828BA}.Debug|Any CPU.Build.0 = Debug|Any CPU
		{BCA9527A-29F6-47AE-9D15-E119B40828BA}.Release|Any CPU.ActiveCfg = Release|Any CPU
		{BCA9527A-29F6-47AE-9D15-E119B40828BA}.Release|Any CPU.Build.0 = Release|Any CPU
		{71C60811-A9B0-4AB0-8623-3487E5315986}.Debug|Any CPU.ActiveCfg = Debug|Any CPU
		{71C60811-A9B0-4AB0-8623-3487E5315986}.Debug|Any CPU.Build.0 = Debug|Any CPU
		{71C60811-A9B0-4AB0-8623-3487E5315986}.Release|Any CPU.ActiveCfg = Release|Any CPU
		{71C60811-A9B0-4AB0-8623-3487E5315986}.Release|Any CPU.Build.0 = Release|Any CPU
		{8AF74D38-2CAC-4FEB-8538-9E0462F22A9E}.Debug|Any CPU.ActiveCfg = Debug|Any CPU
		{8AF74D38-2CAC-4FEB-8538-9E0462F22A9E}.Debug|Any CPU.Build.0 = Debug|Any CPU
		{8AF74D38-2CAC-4FEB-8538-9E0462F22A9E}.Release|Any CPU.ActiveCfg = Release|Any CPU
		{8AF74D38-2CAC-4FEB-8538-9E0462F22A9E}.Release|Any CPU.Build.0 = Release|Any CPU
		{28558CDF-396B-4D2B-AC19-8C44CBF62AA4}.Debug|Any CPU.ActiveCfg = Debug|Any CPU
		{28558CDF-396B-4D2B-AC19-8C44CBF62AA4}.Debug|Any CPU.Build.0 = Debug|Any CPU
		{28558CDF-396B-4D2B-AC19-8C44CBF62AA4}.Release|Any CPU.ActiveCfg = Release|Any CPU
		{28558CDF-396B-4D2B-AC19-8C44CBF62AA4}.Release|Any CPU.Build.0 = Release|Any CPU
		{AE847B10-B658-46E1-B58D-F314AB8A3A56}.Debug|Any CPU.ActiveCfg = Debug|Any CPU
		{AE847B10-B658-46E1-B58D-F314AB8A3A56}.Debug|Any CPU.Build.0 = Debug|Any CPU
		{AE847B10-B658-46E1-B58D-F314AB8A3A56}.Release|Any CPU.ActiveCfg = Release|Any CPU
		{AE847B10-B658-46E1-B58D-F314AB8A3A56}.Release|Any CPU.Build.0 = Release|Any CPU
		{6F4883CE-23B1-4770-97EB-5ED39E2E3B76}.Debug|Any CPU.ActiveCfg = Debug|Any CPU
		{6F4883CE-23B1-4770-97EB-5ED39E2E3B76}.Debug|Any CPU.Build.0 = Debug|Any CPU
		{6F4883CE-23B1-4770-97EB-5ED39E2E3B76}.Release|Any CPU.ActiveCfg = Release|Any CPU
		{6F4883CE-23B1-4770-97EB-5ED39E2E3B76}.Release|Any CPU.Build.0 = Release|Any CPU
		{34DD5FF7-EA91-4274-9484-23794E1FF64A}.Debug|Any CPU.ActiveCfg = Debug|Any CPU
		{34DD5FF7-EA91-4274-9484-23794E1FF64A}.Debug|Any CPU.Build.0 = Debug|Any CPU
		{34DD5FF7-EA91-4274-9484-23794E1FF64A}.Release|Any CPU.ActiveCfg = Release|Any CPU
		{34DD5FF7-EA91-4274-9484-23794E1FF64A}.Release|Any CPU.Build.0 = Release|Any CPU
		{C0DCA800-C693-4E0C-9EFF-F01108D974F2}.Debug|Any CPU.ActiveCfg = Debug|Any CPU
		{C0DCA800-C693-4E0C-9EFF-F01108D974F2}.Debug|Any CPU.Build.0 = Debug|Any CPU
		{C0DCA800-C693-4E0C-9EFF-F01108D974F2}.Release|Any CPU.ActiveCfg = Release|Any CPU
		{C0DCA800-C693-4E0C-9EFF-F01108D974F2}.Release|Any CPU.Build.0 = Release|Any CPU
		{374208F3-0FC2-4911-816D-162E13E063FD}.Debug|Any CPU.ActiveCfg = Debug|Any CPU
		{374208F3-0FC2-4911-816D-162E13E063FD}.Debug|Any CPU.Build.0 = Debug|Any CPU
		{374208F3-0FC2-4911-816D-162E13E063FD}.Release|Any CPU.ActiveCfg = Release|Any CPU
		{374208F3-0FC2-4911-816D-162E13E063FD}.Release|Any CPU.Build.0 = Release|Any CPU
		{261A50CF-4620-4183-9674-9C0CCA7D82D2}.Debug|Any CPU.ActiveCfg = Debug|Any CPU
		{261A50CF-4620-4183-9674-9C0CCA7D82D2}.Debug|Any CPU.Build.0 = Debug|Any CPU
		{261A50CF-4620-4183-9674-9C0CCA7D82D2}.Release|Any CPU.ActiveCfg = Release|Any CPU
		{261A50CF-4620-4183-9674-9C0CCA7D82D2}.Release|Any CPU.Build.0 = Release|Any CPU
		{2D912F1B-B5CE-4FD2-996C-42411C99404A}.Debug|Any CPU.ActiveCfg = Debug|Any CPU
		{2D912F1B-B5CE-4FD2-996C-42411C99404A}.Debug|Any CPU.Build.0 = Debug|Any CPU
		{2D912F1B-B5CE-4FD2-996C-42411C99404A}.Release|Any CPU.ActiveCfg = Release|Any CPU
		{2D912F1B-B5CE-4FD2-996C-42411C99404A}.Release|Any CPU.Build.0 = Release|Any CPU
		{DF963432-4113-414F-AACE-0F93B5569DD4}.Debug|Any CPU.ActiveCfg = Debug|Any CPU
		{DF963432-4113-414F-AACE-0F93B5569DD4}.Debug|Any CPU.Build.0 = Debug|Any CPU
		{DF963432-4113-414F-AACE-0F93B5569DD4}.Release|Any CPU.ActiveCfg = Release|Any CPU
		{DF963432-4113-414F-AACE-0F93B5569DD4}.Release|Any CPU.Build.0 = Release|Any CPU
		{590EAA41-1BA9-4498-8C7A-647B166D739A}.Debug|Any CPU.ActiveCfg = Debug|Any CPU
		{590EAA41-1BA9-4498-8C7A-647B166D739A}.Debug|Any CPU.Build.0 = Debug|Any CPU
		{590EAA41-1BA9-4498-8C7A-647B166D739A}.Release|Any CPU.ActiveCfg = Release|Any CPU
		{590EAA41-1BA9-4498-8C7A-647B166D739A}.Release|Any CPU.Build.0 = Release|Any CPU
		{020F6603-5535-4B14-9201-987AC8BFF40B}.Debug|Any CPU.ActiveCfg = Debug|Any CPU
		{020F6603-5535-4B14-9201-987AC8BFF40B}.Debug|Any CPU.Build.0 = Debug|Any CPU
		{020F6603-5535-4B14-9201-987AC8BFF40B}.Release|Any CPU.ActiveCfg = Release|Any CPU
		{020F6603-5535-4B14-9201-987AC8BFF40B}.Release|Any CPU.Build.0 = Release|Any CPU
		{FD716F41-52EF-47E4-BE9B-D2F2D24C18FD}.Debug|Any CPU.ActiveCfg = Debug|Any CPU
		{FD716F41-52EF-47E4-BE9B-D2F2D24C18FD}.Debug|Any CPU.Build.0 = Debug|Any CPU
		{FD716F41-52EF-47E4-BE9B-D2F2D24C18FD}.Release|Any CPU.ActiveCfg = Release|Any CPU
		{FD716F41-52EF-47E4-BE9B-D2F2D24C18FD}.Release|Any CPU.Build.0 = Release|Any CPU
		{759A375E-5339-4F45-A63D-DB905F476FE0}.Debug|Any CPU.ActiveCfg = Debug|Any CPU
		{759A375E-5339-4F45-A63D-DB905F476FE0}.Debug|Any CPU.Build.0 = Debug|Any CPU
		{759A375E-5339-4F45-A63D-DB905F476FE0}.Release|Any CPU.ActiveCfg = Release|Any CPU
		{759A375E-5339-4F45-A63D-DB905F476FE0}.Release|Any CPU.Build.0 = Release|Any CPU
		{D99B28DA-6880-4324-B4DC-C5E7799566CE}.Debug|Any CPU.ActiveCfg = Debug|Any CPU
		{D99B28DA-6880-4324-B4DC-C5E7799566CE}.Debug|Any CPU.Build.0 = Debug|Any CPU
		{D99B28DA-6880-4324-B4DC-C5E7799566CE}.Release|Any CPU.ActiveCfg = Release|Any CPU
		{D99B28DA-6880-4324-B4DC-C5E7799566CE}.Release|Any CPU.Build.0 = Release|Any CPU
		{7D6B4281-162C-4E0B-A834-BB7BD9272F0B}.Debug|Any CPU.ActiveCfg = Debug|Any CPU
		{7D6B4281-162C-4E0B-A834-BB7BD9272F0B}.Debug|Any CPU.Build.0 = Debug|Any CPU
		{7D6B4281-162C-4E0B-A834-BB7BD9272F0B}.Release|Any CPU.ActiveCfg = Release|Any CPU
		{7D6B4281-162C-4E0B-A834-BB7BD9272F0B}.Release|Any CPU.Build.0 = Release|Any CPU
		{FEBDA955-AB47-4851-8AAD-6CBEF3B54D99}.Debug|Any CPU.ActiveCfg = Debug|Any CPU
		{FEBDA955-AB47-4851-8AAD-6CBEF3B54D99}.Debug|Any CPU.Build.0 = Debug|Any CPU
		{FEBDA955-AB47-4851-8AAD-6CBEF3B54D99}.Release|Any CPU.ActiveCfg = Release|Any CPU
		{FEBDA955-AB47-4851-8AAD-6CBEF3B54D99}.Release|Any CPU.Build.0 = Release|Any CPU
		{5A411A13-6C28-4D09-B397-8D4DDB41EDCF}.Debug|Any CPU.ActiveCfg = Debug|Any CPU
		{5A411A13-6C28-4D09-B397-8D4DDB41EDCF}.Debug|Any CPU.Build.0 = Debug|Any CPU
		{5A411A13-6C28-4D09-B397-8D4DDB41EDCF}.Release|Any CPU.ActiveCfg = Release|Any CPU
		{5A411A13-6C28-4D09-B397-8D4DDB41EDCF}.Release|Any CPU.Build.0 = Release|Any CPU
		{22155909-898D-45CA-A6C8-C73D611B4489}.Debug|Any CPU.ActiveCfg = Debug|Any CPU
		{22155909-898D-45CA-A6C8-C73D611B4489}.Debug|Any CPU.Build.0 = Debug|Any CPU
		{22155909-898D-45CA-A6C8-C73D611B4489}.Release|Any CPU.ActiveCfg = Release|Any CPU
		{22155909-898D-45CA-A6C8-C73D611B4489}.Release|Any CPU.Build.0 = Release|Any CPU
		{731D4F8D-35BD-4A98-B219-C248993E7FF8}.Debug|Any CPU.ActiveCfg = Debug|Any CPU
		{731D4F8D-35BD-4A98-B219-C248993E7FF8}.Debug|Any CPU.Build.0 = Debug|Any CPU
		{731D4F8D-35BD-4A98-B219-C248993E7FF8}.Release|Any CPU.ActiveCfg = Release|Any CPU
		{731D4F8D-35BD-4A98-B219-C248993E7FF8}.Release|Any CPU.Build.0 = Release|Any CPU
		{3D967701-A461-4F59-9B5E-4BBE624E91A1}.Debug|Any CPU.ActiveCfg = Debug|Any CPU
		{3D967701-A461-4F59-9B5E-4BBE624E91A1}.Debug|Any CPU.Build.0 = Debug|Any CPU
		{3D967701-A461-4F59-9B5E-4BBE624E91A1}.Release|Any CPU.ActiveCfg = Release|Any CPU
		{3D967701-A461-4F59-9B5E-4BBE624E91A1}.Release|Any CPU.Build.0 = Release|Any CPU
		{C7138FF8-8873-4962-90A8-0505E0BE3BA9}.Debug|Any CPU.ActiveCfg = Debug|Any CPU
		{C7138FF8-8873-4962-90A8-0505E0BE3BA9}.Debug|Any CPU.Build.0 = Debug|Any CPU
		{C7138FF8-8873-4962-90A8-0505E0BE3BA9}.Release|Any CPU.ActiveCfg = Release|Any CPU
		{C7138FF8-8873-4962-90A8-0505E0BE3BA9}.Release|Any CPU.Build.0 = Release|Any CPU
		{5B98A416-6A8B-4109-B2F0-2B745F8642E6}.Debug|Any CPU.ActiveCfg = Debug|Any CPU
		{5B98A416-6A8B-4109-B2F0-2B745F8642E6}.Debug|Any CPU.Build.0 = Debug|Any CPU
		{5B98A416-6A8B-4109-B2F0-2B745F8642E6}.Release|Any CPU.ActiveCfg = Release|Any CPU
		{5B98A416-6A8B-4109-B2F0-2B745F8642E6}.Release|Any CPU.Build.0 = Release|Any CPU
		{30887790-0FA6-4CFE-AFA3-0D33BF390046}.Debug|Any CPU.ActiveCfg = Debug|Any CPU
		{30887790-0FA6-4CFE-AFA3-0D33BF390046}.Debug|Any CPU.Build.0 = Debug|Any CPU
		{30887790-0FA6-4CFE-AFA3-0D33BF390046}.Release|Any CPU.ActiveCfg = Release|Any CPU
		{30887790-0FA6-4CFE-AFA3-0D33BF390046}.Release|Any CPU.Build.0 = Release|Any CPU
		{58955AF9-696D-4119-9389-DFE9CE83E493}.Debug|Any CPU.ActiveCfg = Debug|Any CPU
		{58955AF9-696D-4119-9389-DFE9CE83E493}.Debug|Any CPU.Build.0 = Debug|Any CPU
		{58955AF9-696D-4119-9389-DFE9CE83E493}.Release|Any CPU.ActiveCfg = Release|Any CPU
		{58955AF9-696D-4119-9389-DFE9CE83E493}.Release|Any CPU.Build.0 = Release|Any CPU
		{96F15F18-125C-4FB7-BF8D-8CA7AF8C8C87}.Debug|Any CPU.ActiveCfg = Debug|Any CPU
		{96F15F18-125C-4FB7-BF8D-8CA7AF8C8C87}.Debug|Any CPU.Build.0 = Debug|Any CPU
		{96F15F18-125C-4FB7-BF8D-8CA7AF8C8C87}.Release|Any CPU.ActiveCfg = Release|Any CPU
		{96F15F18-125C-4FB7-BF8D-8CA7AF8C8C87}.Release|Any CPU.Build.0 = Release|Any CPU
	EndGlobalSection
	GlobalSection(SolutionProperties) = preSolution
		HideSolutionNode = FALSE
	EndGlobalSection
	GlobalSection(NestedProjects) = preSolution
		{E2F1B70F-E41C-4F20-95BA-BA107A752AAA} = {D16E641A-C037-4A07-9207-E342940580C7}
		{8DCB086A-E5F1-4C3B-A966-5D286C5FEEE4} = {E2F1B70F-E41C-4F20-95BA-BA107A752AAA}
		{77324F4E-ADFA-437B-AFA0-D487D4D6CAEC} = {E2F1B70F-E41C-4F20-95BA-BA107A752AAA}
		{4AAFEFBF-89DC-4C5B-8A87-3FF599E1F6E3} = {E2F1B70F-E41C-4F20-95BA-BA107A752AAA}
		{0F61CFBF-4D02-4518-8BD6-F9852E321CE1} = {E2F1B70F-E41C-4F20-95BA-BA107A752AAA}
		{C1499AF0-B236-41B6-BF5B-7F47443B396B} = {E2F1B70F-E41C-4F20-95BA-BA107A752AAA}
		{41DEA198-6507-47C7-AB69-BC743D077D40} = {D16E641A-C037-4A07-9207-E342940580C7}
		{06468077-43C5-47BF-B0D4-B628D10BE4ED} = {41DEA198-6507-47C7-AB69-BC743D077D40}
		{8694CE25-6F7C-4194-AF67-CDCCA287BD00} = {41DEA198-6507-47C7-AB69-BC743D077D40}
		{33D0A521-9A93-4977-9C81-73FFB01A6D12} = {41DEA198-6507-47C7-AB69-BC743D077D40}
		{E352AD68-0650-4B78-A632-137F43C3712F} = {41DEA198-6507-47C7-AB69-BC743D077D40}
		{325C476A-770D-4AF4-81AF-D8B477564999} = {41DEA198-6507-47C7-AB69-BC743D077D40}
		{89677243-1061-4AA6-B7C4-F715EB2AC529} = {41DEA198-6507-47C7-AB69-BC743D077D40}
		{B5CE501C-BF1E-4134-BF36-BB7A56D37C72} = {D16E641A-C037-4A07-9207-E342940580C7}
		{0863F082-43DF-4057-91BB-BDDCFC94A050} = {B5CE501C-BF1E-4134-BF36-BB7A56D37C72}
		{AC7B3C8C-5146-431D-8F8D-1EDE926D57CB} = {B5CE501C-BF1E-4134-BF36-BB7A56D37C72}
		{BCA9527A-29F6-47AE-9D15-E119B40828BA} = {B5CE501C-BF1E-4134-BF36-BB7A56D37C72}
		{E29FA6D7-DBB9-4DCB-8308-19A9B3E8FE07} = {D16E641A-C037-4A07-9207-E342940580C7}
		{71C60811-A9B0-4AB0-8623-3487E5315986} = {E29FA6D7-DBB9-4DCB-8308-19A9B3E8FE07}
		{8AF74D38-2CAC-4FEB-8538-9E0462F22A9E} = {E29FA6D7-DBB9-4DCB-8308-19A9B3E8FE07}
		{28558CDF-396B-4D2B-AC19-8C44CBF62AA4} = {E29FA6D7-DBB9-4DCB-8308-19A9B3E8FE07}
		{AE847B10-B658-46E1-B58D-F314AB8A3A56} = {E29FA6D7-DBB9-4DCB-8308-19A9B3E8FE07}
		{77A07A25-0088-4DA1-93AF-29BE1B2531DC} = {D16E641A-C037-4A07-9207-E342940580C7}
		{6F4883CE-23B1-4770-97EB-5ED39E2E3B76} = {77A07A25-0088-4DA1-93AF-29BE1B2531DC}
		{34DD5FF7-EA91-4274-9484-23794E1FF64A} = {77A07A25-0088-4DA1-93AF-29BE1B2531DC}
		{C0DCA800-C693-4E0C-9EFF-F01108D974F2} = {77A07A25-0088-4DA1-93AF-29BE1B2531DC}
		{374208F3-0FC2-4911-816D-162E13E063FD} = {77A07A25-0088-4DA1-93AF-29BE1B2531DC}
		{EA9BC161-E837-4AB2-9F54-EF5F9F494C64} = {14D73946-B136-40A7-8FEA-E5C5D021E4CE}
		{261A50CF-4620-4183-9674-9C0CCA7D82D2} = {EA9BC161-E837-4AB2-9F54-EF5F9F494C64}
		{2D912F1B-B5CE-4FD2-996C-42411C99404A} = {EA9BC161-E837-4AB2-9F54-EF5F9F494C64}
		{DF963432-4113-414F-AACE-0F93B5569DD4} = {EA9BC161-E837-4AB2-9F54-EF5F9F494C64}
		{590EAA41-1BA9-4498-8C7A-647B166D739A} = {EA9BC161-E837-4AB2-9F54-EF5F9F494C64}
		{AB1F825C-7A75-4BF5-8902-8B893B232760} = {14D73946-B136-40A7-8FEA-E5C5D021E4CE}
		{020F6603-5535-4B14-9201-987AC8BFF40B} = {AB1F825C-7A75-4BF5-8902-8B893B232760}
		{FD716F41-52EF-47E4-BE9B-D2F2D24C18FD} = {AB1F825C-7A75-4BF5-8902-8B893B232760}
		{759A375E-5339-4F45-A63D-DB905F476FE0} = {AB1F825C-7A75-4BF5-8902-8B893B232760}
		{D99B28DA-6880-4324-B4DC-C5E7799566CE} = {AB1F825C-7A75-4BF5-8902-8B893B232760}
		{7D6B4281-162C-4E0B-A834-BB7BD9272F0B} = {AB1F825C-7A75-4BF5-8902-8B893B232760}
		{A32E628E-0C81-4B1F-885F-AC13D9FB3469} = {14D73946-B136-40A7-8FEA-E5C5D021E4CE}
		{FEBDA955-AB47-4851-8AAD-6CBEF3B54D99} = {A32E628E-0C81-4B1F-885F-AC13D9FB3469}
		{5A411A13-6C28-4D09-B397-8D4DDB41EDCF} = {A32E628E-0C81-4B1F-885F-AC13D9FB3469}
		{22155909-898D-45CA-A6C8-C73D611B4489} = {A32E628E-0C81-4B1F-885F-AC13D9FB3469}
		{B10049F8-F2B9-4968-AB53-D519EDA7DED9} = {14D73946-B136-40A7-8FEA-E5C5D021E4CE}
		{731D4F8D-35BD-4A98-B219-C248993E7FF8} = {B10049F8-F2B9-4968-AB53-D519EDA7DED9}
		{3D967701-A461-4F59-9B5E-4BBE624E91A1} = {B10049F8-F2B9-4968-AB53-D519EDA7DED9}
		{C7138FF8-8873-4962-90A8-0505E0BE3BA9} = {B10049F8-F2B9-4968-AB53-D519EDA7DED9}
		{A9551B4D-7446-4813-8460-DD455A70B25A} = {14D73946-B136-40A7-8FEA-E5C5D021E4CE}
		{5B98A416-6A8B-4109-B2F0-2B745F8642E6} = {A9551B4D-7446-4813-8460-DD455A70B25A}
		{30887790-0FA6-4CFE-AFA3-0D33BF390046} = {A9551B4D-7446-4813-8460-DD455A70B25A}
		{58955AF9-696D-4119-9389-DFE9CE83E493} = {A9551B4D-7446-4813-8460-DD455A70B25A}
		{96F15F18-125C-4FB7-BF8D-8CA7AF8C8C87} = {A9551B4D-7446-4813-8460-DD455A70B25A}
	EndGlobalSection
	GlobalSection(ExtensibilityGlobals) = postSolution
		SolutionGuid = {C287450A-1A2B-478F-B2C5-AD2E67AD81A2}
	EndGlobalSection
EndGlobal
